{
  "name": "codekit-project",
  "version": "1.0.0",
  "lockfileVersion": 1,
  "requires": true,
  "dependencies": {
    "@openfonts/merriweather_all": {
      "version": "1.44.0",
      "resolved": "https://registry.npmjs.org/@openfonts/merriweather_all/-/merriweather_all-1.44.0.tgz",
      "integrity": "sha512-wmGIh/DePGrhwzKGcQInXvfXVvDp1eOKj0e2gPJF8ZdV+F0q5mXRSxy4c3aLBr0lsYc/xUAT9i0I2vFgBzzA0w=="
    },
    "inputmask": {
      "version": "5.0.3",
      "resolved": "https://registry.npmjs.org/inputmask/-/inputmask-5.0.3.tgz",
      "integrity": "sha512-v1l5IoJK6NE8TapI2g6n/y1/ksMwyVLkkaIS6VPTkdvpgEITLzDtSi7n9Jpp471hL2DdJlae9HpMnFmTpf5VXA=="
    },
    "jquery": {
      "version": "3.4.1",
      "resolved": "https://registry.npmjs.org/jquery/-/jquery-3.4.1.tgz",
      "integrity": "sha512-36+AdBzCL+y6qjw5Tx7HgzeGCzC81MDDgaUP8ld2zhx58HdqXGoBd+tHdrBMiyjGQs0Hxs/MLZTu/eHNJJuWPw=="
    },
    "jquery.inputmask": {
      "version": "3.3.4",
      "resolved": "https://registry.npmjs.org/jquery.inputmask/-/jquery.inputmask-3.3.4.tgz",
      "integrity": "sha1-/0qP0Zb5/iihf9d6LaV5wVp4pgY="
    },
    "normalize.css": {
      "version": "8.0.1",
      "resolved": "https://registry.npmjs.org/normalize.css/-/normalize.css-8.0.1.tgz",
      "integrity": "sha512-qizSNPO93t1YUuUhP22btGOo3chcvDFqFaj2TRybP0DMxkHOCTYwp3n34fel4a31ORXy4m1Xq0Gyqpb5m33qIg=="
    },
    "parsleyjs": {
      "version": "2.9.2",
      "resolved": "https://registry.npmjs.org/parsleyjs/-/parsleyjs-2.9.2.tgz",
      "integrity": "sha512-DKS2XXTjEUZ1BJWUzgXAr+550kFBZrom2WYweubqdV7WzdNC1hjOajZDfeBPoAZMkXumJPlB3v37IKatbiW8zQ==",
      "requires": {
        "jquery": ">=1.8.0"
      }
    },
    "pickadate": {
      "version": "3.6.4",
      "resolved": "https://registry.npmjs.org/pickadate/-/pickadate-3.6.4.tgz",
      "integrity": "sha512-2QN4aAXJJu1BN6L6ZzFd/rOWu9fzAPwNE9PpNX19YccuOu0c+0rMzO3sl72mNrfTmzR2jcLtvLUtw3PoWvhBrQ==",
      "requires": {
        "jquery": ">=1.7"
      }
    },
    "typeit": {
      "version": "6.1.2",
      "resolved": "https://registry.npmjs.org/typeit/-/typeit-6.1.2.tgz",
      "integrity": "sha512-RlmB6hJszQp1YhjcWkU8KqwDsf2GMCujTSheazBl9P3jiYdVJEYWVeDQfUNMFASmlqeG4Z2/AjeCc1X7Lzktnw=="
    }
  }
}
